
Microsoft Visual Studio Solution File, Format Version 12.00
# Visual Studio 15
VisualStudioVersion = 15.0.27004.2010
MinimumVisualStudioVersion = 10.0.40219.1
Project("{9A19103F-16F7-4668-BE54-9A1E7A4F7556}") = "TimetableInterfaces", "TimetableInterfaces\TimetableInterfaces.csproj", "{4217C3A9-9D49-4E62-97B2-E468502783B3}"
EndProject
Project("{9A19103F-16F7-4668-BE54-9A1E7A4F7556}") = "TimetableService", "TimetableService\TimetableService.csproj", "{BD411F8D-1408-4976-BD94-F82293AA89E9}"
EndProject
Project("{9A19103F-16F7-4668-BE54-9A1E7A4F7556}") = "TimeTableASP", "TimeTableASP\TimeTableASP.csproj", "{46B1BDFF-4647-4891-B07E-E7ECE20D25EB}"
EndProject
Global
	GlobalSection(SolutionConfigurationPlatforms) = preSolution
		Debug|Any CPU = Debug|Any CPU
		Debug|ARM = Debug|ARM
		Debug|x64 = Debug|x64
		Debug|x86 = Debug|x86
		Release|Any CPU = Release|Any CPU
		Release|ARM = Release|ARM
		Release|x64 = Release|x64
		Release|x86 = Release|x86
	EndGlobalSection
	GlobalSection(ProjectConfigurationPlatforms) = postSolution
		{4217C3A9-9D49-4E62-97B2-E468502783B3}.Debug|Any CPU.ActiveCfg = Debug|Any CPU
		{4217C3A9-9D49-4E62-97B2-E468502783B3}.Debug|Any CPU.Build.0 = Debug|Any CPU
		{4217C3A9-9D49-4E62-97B2-E468502783B3}.Debug|ARM.ActiveCfg = Debug|Any CPU
		{4217C3A9-9D49-4E62-97B2-E468502783B3}.Debug|ARM.Build.0 = Debug|Any CPU
		{4217C3A9-9D49-4E62-97B2-E468502783B3}.Debug|x64.ActiveCfg = Debug|Any CPU
		{4217C3A9-9D49-4E62-97B2-E468502783B3}.Debug|x64.Build.0 = Debug|Any CPU
		{4217C3A9-9D49-4E62-97B2-E468502783B3}.Debug|x86.ActiveCfg = Debug|Any CPU
		{4217C3A9-9D49-4E62-97B2-E468502783B3}.Debug|x86.Build.0 = Debug|Any CPU
		{4217C3A9-9D49-4E62-97B2-E468502783B3}.Release|Any CPU.ActiveCfg = Release|Any CPU
		{4217C3A9-9D49-4E62-97B2-E468502783B3}.Release|Any CPU.Build.0 = Release|Any CPU
		{4217C3A9-9D49-4E62-97B2-E468502783B3}.Release|ARM.ActiveCfg = Release|Any CPU
		{4217C3A9-9D49-4E62-97B2-E468502783B3}.Release|ARM.Build.0 = Release|Any CPU
		{4217C3A9-9D49-4E62-97B2-E468502783B3}.Release|x64.ActiveCfg = Release|Any CPU
		{4217C3A9-9D49-4E62-97B2-E468502783B3}.Release|x64.Build.0 = Release|Any CPU
		{4217C3A9-9D49-4E62-97B2-E468502783B3}.Release|x86.ActiveCfg = Release|Any CPU
		{4217C3A9-9D49-4E62-97B2-E468502783B3}.Release|x86.Build.0 = Release|Any CPU
		{BD411F8D-1408-4976-BD94-F82293AA89E9}.Debug|Any CPU.ActiveCfg = Debug|Any CPU
		{BD411F8D-1408-4976-BD94-F82293AA89E9}.Debug|Any CPU.Build.0 = Debug|Any CPU
		{BD411F8D-1408-4976-BD94-F82293AA89E9}.Debug|ARM.ActiveCfg = Debug|Any CPU
		{BD411F8D-1408-4976-BD94-F82293AA89E9}.Debug|ARM.Build.0 = Debug|Any CPU
		{BD411F8D-1408-4976-BD94-F82293AA89E9}.Debug|x64.ActiveCfg = Debug|Any CPU
		{BD411F8D-1408-4976-BD94-F82293AA89E9}.Debug|x64.Build.0 = Debug|Any CPU
		{BD411F8D-1408-4976-BD94-F82293AA89E9}.Debug|x86.ActiveCfg = Debug|Any CPU
		{BD411F8D-1408-4976-BD94-F82293AA89E9}.Debug|x86.Build.0 = Debug|Any CPU
		{BD411F8D-1408-4976-BD94-F82293AA89E9}.Release|Any CPU.ActiveCfg = Release|Any CPU
		{BD411F8D-1408-4976-BD94-F82293AA89E9}.Release|Any CPU.Build.0 = Release|Any CPU
		{BD411F8D-1408-4976-BD94-F82293AA89E9}.Release|ARM.ActiveCfg = Release|Any CPU
		{BD411F8D-1408-4976-BD94-F82293AA89E9}.Release|ARM.Build.0 = Release|Any CPU
		{BD411F8D-1408-4976-BD94-F82293AA89E9}.Release|x64.ActiveCfg = Release|Any CPU
		{BD411F8D-1408-4976-BD94-F82293AA89E9}.Release|x64.Build.0 = Release|Any CPU
		{BD411F8D-1408-4976-BD94-F82293AA89E9}.Release|x86.ActiveCfg = Release|Any CPU
		{BD411F8D-1408-4976-BD94-F82293AA89E9}.Release|x86.Build.0 = Release|Any CPU
		{46B1BDFF-4647-4891-B07E-E7ECE20D25EB}.Debug|Any CPU.ActiveCfg = Debug|Any CPU
		{46B1BDFF-4647-4891-B07E-E7ECE20D25EB}.Debug|Any CPU.Build.0 = Debug|Any CPU
		{46B1BDFF-4647-4891-B07E-E7ECE20D25EB}.Debug|ARM.ActiveCfg = Debug|Any CPU
		{46B1BDFF-4647-4891-B07E-E7ECE20D25EB}.Debug|ARM.Build.0 = Debug|Any CPU
		{46B1BDFF-4647-4891-B07E-E7ECE20D25EB}.Debug|x64.ActiveCfg = Debug|Any CPU
		{46B1BDFF-4647-4891-B07E-E7ECE20D25EB}.Debug|x64.Build.0 = Debug|Any CPU
		{46B1BDFF-4647-4891-B07E-E7ECE20D25EB}.Debug|x86.ActiveCfg = Debug|Any CPU
		{46B1BDFF-4647-4891-B07E-E7ECE20D25EB}.Debug|x86.Build.0 = Debug|Any CPU
		{46B1BDFF-4647-4891-B07E-E7ECE20D25EB}.Release|Any CPU.ActiveCfg = Release|Any CPU
		{46B1BDFF-4647-4891-B07E-E7ECE20D25EB}.Release|Any CPU.Build.0 = Release|Any CPU
		{46B1BDFF-4647-4891-B07E-E7ECE20D25EB}.Release|ARM.ActiveCfg = Release|Any CPU
		{46B1BDFF-4647-4891-B07E-E7ECE20D25EB}.Release|ARM.Build.0 = Release|Any CPU
		{46B1BDFF-4647-4891-B07E-E7ECE20D25EB}.Release|x64.ActiveCfg = Release|Any CPU
		{46B1BDFF-4647-4891-B07E-E7ECE20D25EB}.Release|x64.Build.0 = Release|Any CPU
		{46B1BDFF-4647-4891-B07E-E7ECE20D25EB}.Release|x86.ActiveCfg = Release|Any CPU
		{46B1BDFF-4647-4891-B07E-E7ECE20D25EB}.Release|x86.Build.0 = Release|Any CPU
	EndGlobalSection
	GlobalSection(SolutionProperties) = preSolution
		HideSolutionNode = FALSE
	EndGlobalSection
	GlobalSection(ExtensibilityGlobals) = postSolution
		SolutionGuid = {1797CA83-8A5F-4E90-A907-02A6E6D3C0F2}
	EndGlobalSection
EndGlobal
